
Microsoft Visual Studio Solution File, Format Version 12.00
# Visual Studio Version 17
VisualStudioVersion = 17.3.32825.248
MinimumVisualStudioVersion = 10.0.40219.1
Project("{FAE04EC0-301F-11D3-BF4B-00C04F79EFBC}") = "projekt programování vlajky", "projekt programování vlajky\projekt programování vlajky.csproj", "{3D7A909F-6673-4AE6-8A8E-36D038A8A64C}"
EndProject
Global
	GlobalSection(SolutionConfigurationPlatforms) = preSolution
		Debug|Any CPU = Debug|Any CPU
		Release|Any CPU = Release|Any CPU
	EndGlobalSection
	GlobalSection(ProjectConfigurationPlatforms) = postSolution
		{3D7A909F-6673-4AE6-8A8E-36D038A8A64C}.Debug|Any CPU.ActiveCfg = Debug|Any CPU
		{3D7A909F-6673-4AE6-8A8E-36D038A8A64C}.Debug|Any CPU.Build.0 = Debug|Any CPU
		{3D7A909F-6673-4AE6-8A8E-36D038A8A64C}.Release|Any CPU.ActiveCfg = Release|Any CPU
		{3D7A909F-6673-4AE6-8A8E-36D038A8A64C}.Release|Any CPU.Build.0 = Release|Any CPU
	EndGlobalSection
	GlobalSection(SolutionProperties) = preSolution
		HideSolutionNode = FALSE
	EndGlobalSection
	GlobalSection(ExtensibilityGlobals) = postSolution
		SolutionGuid = {D00C01D6-51EB-4CD7-95D5-D0AFD99A38F0}
	EndGlobalSection
EndGlobal
